
Microsoft Visual Studio Solution File, Format Version 12.00
# Visual Studio Version 16
VisualStudioVersion = 16.0.28803.202
MinimumVisualStudioVersion = 10.0.40219.1
Project("{9A19103F-16F7-4668-BE54-9A1E7A4F7556}") = "RESTApi", "RESTApi\RESTApi.csproj", "{5354577A-705B-4B98-8B4F-0B5802EA1EE9}"
EndProject
Project("{FAE04EC0-301F-11D3-BF4B-00C04F79EFBC}") = "RestSkeleton.Service", "Services\RestSkeleton.Service.csproj", "{E4B2AD9C-6555-4AB3-8303-D738B5D47849}"
EndProject
Project("{FAE04EC0-301F-11D3-BF4B-00C04F79EFBC}") = "RestSkeleton.Model", "Model\RestSkeleton.Model.csproj", "{C66D6302-8F07-498D-91B0-596AC3A943E2}"
EndProject
Global
	GlobalSection(SolutionConfigurationPlatforms) = preSolution
		Debug|Any CPU = Debug|Any CPU
		Release|Any CPU = Release|Any CPU
	EndGlobalSection
	GlobalSection(ProjectConfigurationPlatforms) = postSolution
		{5354577A-705B-4B98-8B4F-0B5802EA1EE9}.Debug|Any CPU.ActiveCfg = Debug|Any CPU
		{5354577A-705B-4B98-8B4F-0B5802EA1EE9}.Debug|Any CPU.Build.0 = Debug|Any CPU
		{5354577A-705B-4B98-8B4F-0B5802EA1EE9}.Release|Any CPU.ActiveCfg = Release|Any CPU
		{5354577A-705B-4B98-8B4F-0B5802EA1EE9}.Release|Any CPU.Build.0 = Release|Any CPU
		{E4B2AD9C-6555-4AB3-8303-D738B5D47849}.Debug|Any CPU.ActiveCfg = Debug|Any CPU
		{E4B2AD9C-6555-4AB3-8303-D738B5D47849}.Debug|Any CPU.Build.0 = Debug|Any CPU
		{E4B2AD9C-6555-4AB3-8303-D738B5D47849}.Release|Any CPU.ActiveCfg = Release|Any CPU
		{E4B2AD9C-6555-4AB3-8303-D738B5D47849}.Release|Any CPU.Build.0 = Release|Any CPU
		{C66D6302-8F07-498D-91B0-596AC3A943E2}.Debug|Any CPU.ActiveCfg = Debug|Any CPU
		{C66D6302-8F07-498D-91B0-596AC3A943E2}.Debug|Any CPU.Build.0 = Debug|Any CPU
		{C66D6302-8F07-498D-91B0-596AC3A943E2}.Release|Any CPU.ActiveCfg = Release|Any CPU
		{C66D6302-8F07-498D-91B0-596AC3A943E2}.Release|Any CPU.Build.0 = Release|Any CPU
	EndGlobalSection
	GlobalSection(SolutionProperties) = preSolution
		HideSolutionNode = FALSE
	EndGlobalSection
	GlobalSection(ExtensibilityGlobals) = postSolution
		SolutionGuid = {4AB0867F-5289-4C7D-96B6-1E0641080C44}
	EndGlobalSection
EndGlobal
